// !$*UTF8*$!
{
	archiveVersion = 1;
	classes = {
	};
	objectVersion = 56;
	objects = {

/* Begin PBXBuildFile section */
		6F418BCC29BF0BFF003CC281 /* AppDelegate.swift in Sources */ = {isa = PBXBuildFile; fileRef = 6F418BCB29BF0BFF003CC281 /* AppDelegate.swift */; };
		6F418BCE29BF0BFF003CC281 /* SceneDelegate.swift in Sources */ = {isa = PBXBuildFile; fileRef = 6F418BCD29BF0BFF003CC281 /* SceneDelegate.swift */; };
		6F418BD529BF0C00003CC281 /* Assets.xcassets in Resources */ = {isa = PBXBuildFile; fileRef = 6F418BD429BF0C00003CC281 /* Assets.xcassets */; };
		6F418BD829BF0C00003CC281 /* LaunchScreen.storyboard in Resources */ = {isa = PBXBuildFile; fileRef = 6F418BD629BF0C00003CC281 /* LaunchScreen.storyboard */; };
		6F418BEA29BF1241003CC281 /* OnBoardingKit in Frameworks */ = {isa = PBXBuildFile; productRef = 6F418BE929BF1241003CC281 /* OnBoardingKit */; };
		6F418BEE29BF1487003CC281 /* Coordinator.swift in Sources */ = {isa = PBXBuildFile; fileRef = 6F418BED29BF1487003CC281 /* Coordinator.swift */; };
/* End PBXBuildFile section */

/* Begin PBXFileReference section */
		6F418BC829BF0BFF003CC281 /* SwiftPackageManagerDemo.app */ = {isa = PBXFileReference; explicitFileType = wrapper.application; includeInIndex = 0; path = SwiftPackageManagerDemo.app; sourceTree = BUILT_PRODUCTS_DIR; };
		6F418BCB29BF0BFF003CC281 /* AppDelegate.swift */ = {isa = PBXFileReference; lastKnownFileType = sourcecode.swift; path = AppDelegate.swift; sourceTree = "<group>"; };
		6F418BCD29BF0BFF003CC281 /* SceneDelegate.swift */ = {isa = PBXFileReference; lastKnownFileType = sourcecode.swift; path = SceneDelegate.swift; sourceTree = "<group>"; };
		6F418BD429BF0C00003CC281 /* Assets.xcassets */ = {isa = PBXFileReference; lastKnownFileType = folder.assetcatalog; path = Assets.xcassets; sourceTree = "<group>"; };
		6F418BD729BF0C00003CC281 /* Base */ = {isa = PBXFileReference; lastKnownFileType = file.storyboard; name = Base; path = Base.lproj/LaunchScreen.storyboard; sourceTree = "<group>"; };
		6F418BD929BF0C00003CC281 /* Info.plist */ = {isa = PBXFileReference; lastKnownFileType = text.plist.xml; path = Info.plist; sourceTree = "<group>"; };
		6F418BE729BF1207003CC281 /* OnBoardingKit */ = {isa = PBXFileReference; lastKnownFileType = wrapper; path = OnBoardingKit; sourceTree = "<group>"; };
		6F418BED29BF1487003CC281 /* Coordinator.swift */ = {isa = PBXFileReference; fileEncoding = 4; lastKnownFileType = sourcecode.swift; name = Coordinator.swift; path = ../Coordinator.swift; sourceTree = "<group>"; };
/* End PBXFileReference section */

/* Begin PBXFrameworksBuildPhase section */
		6F418BC529BF0BFF003CC281 /* Frameworks */ = {
			isa = PBXFrameworksBuildPhase;
			buildActionMask = 2147483647;
			files = (
				6F418BEA29BF1241003CC281 /* OnBoardingKit in Frameworks */,
			);
			runOnlyForDeploymentPostprocessing = 0;
		};
/* End PBXFrameworksBuildPhase section */

/* Begin PBXGroup section */
		6F418BBF29BF0BFF003CC281 = {
			isa = PBXGroup;
			children = (
				6F418BCA29BF0BFF003CC281 /* SwiftPackageManagerDemo */,
				6F418BC929BF0BFF003CC281 /* Products */,
				6F418BE829BF1241003CC281 /* Frameworks */,
			);
			sourceTree = "<group>";
		};
		6F418BC929BF0BFF003CC281 /* Products */ = {
			isa = PBXGroup;
			children = (
				6F418BC829BF0BFF003CC281 /* SwiftPackageManagerDemo.app */,
			);
			name = Products;
			sourceTree = "<group>";
		};
		6F418BCA29BF0BFF003CC281 /* SwiftPackageManagerDemo */ = {
			isa = PBXGroup;
			children = (
				6F418BE729BF1207003CC281 /* OnBoardingKit */,
				6F418BCB29BF0BFF003CC281 /* AppDelegate.swift */,
				6F418BCD29BF0BFF003CC281 /* SceneDelegate.swift */,
				6F418BD429BF0C00003CC281 /* Assets.xcassets */,
				6F418BD629BF0C00003CC281 /* LaunchScreen.storyboard */,
				6F418BD929BF0C00003CC281 /* Info.plist */,
				6F418BED29BF1487003CC281 /* Coordinator.swift */,
			);
			path = SwiftPackageManagerDemo;
			sourceTree = "<group>";
		};
		6F418BE829BF1241003CC281 /* Frameworks */ = {
			isa = PBXGroup;
			children = (
			);
			name = Frameworks;
			sourceTree = "<group>";
		};
/* End PBXGroup section */

/* Begin PBXNativeTarget section */
		6F418BC729BF0BFF003CC281 /* SwiftPackageManagerDemo */ = {
			isa = PBXNativeTarget;
			buildConfigurationList = 6F418BDC29BF0C00003CC281 /* Build configuration list for PBXNativeTarget "SwiftPackageManagerDemo" */;
			buildPhases = (
				6F418BC429BF0BFF003CC281 /* Sources */,
				6F418BC529BF0BFF003CC281 /* Frameworks */,
				6F418BC629BF0BFF003CC281 /* Resources */,
			);
			buildRules = (
			);
			dependencies = (
			);
			name = SwiftPackageManagerDemo;
			packageProductDependencies = (
				6F418BE929BF1241003CC281 /* OnBoardingKit */,
			);
			productName = SwiftPackageManagerDemo;
			productReference = 6F418BC829BF0BFF003CC281 /* SwiftPackageManagerDemo.app */;
			productType = "com.apple.product-type.application";
		};
/* End PBXNativeTarget section */

/* Begin PBXProject section */
		6F418BC029BF0BFF003CC281 /* Project object */ = {
			isa = PBXProject;
			attributes = {
				BuildIndependentTargetsInParallel = 1;
				LastSwiftUpdateCheck = 1400;
				LastUpgradeCheck = 1400;
				TargetAttributes = {
					6F418BC729BF0BFF003CC281 = {
						CreatedOnToolsVersion = 14.0;
					};
				};
			};
			buildConfigurationList = 6F418BC329BF0BFF003CC281 /* Build configuration list for PBXProject "SwiftPackageManagerDemo" */;
			compatibilityVersion = "Xcode 14.0";
			developmentRegion = en;
			hasScannedForEncodings = 0;
			knownRegions = (
				en,
				Base,
			);
			mainGroup = 6F418BBF29BF0BFF003CC281;
			productRefGroup = 6F418BC929BF0BFF003CC281 /* Products */;
			projectDirPath = "";
			projectRoot = "";
			targets = (
				6F418BC729BF0BFF003CC281 /* SwiftPackageManagerDemo */,
			);
		};
/* End PBXProject section */

/* Begin PBXResourcesBuildPhase section */
		6F418BC629BF0BFF003CC281 /* Resources */ = {
			isa = PBXResourcesBuildPhase;
			buildActionMask = 2147483647;
			files = (
				6F418BD829BF0C00003CC281 /* LaunchScreen.storyboard in Resources */,
				6F418BD529BF0C00003CC281 /* Assets.xcassets in Resources */,
			);
			runOnlyForDeploymentPostprocessing = 0;
		};
/* End PBXResourcesBuildPhase section */

/* Begin PBXSourcesBuildPhase section */
		6F418BC429BF0BFF003CC281 /* Sources */ = {
			isa = PBXSourcesBuildPhase;
			buildActionMask = 2147483647;
			files = (
				6F418BCC29BF0BFF003CC281 /* AppDelegate.swift in Sources */,
				6F418BEE29BF1487003CC281 /* Coordinator.swift in Sources */,
				6F418BCE29BF0BFF003CC281 /* SceneDelegate.swift in Sources */,
			);
			runOnlyForDeploymentPostprocessing = 0;
		};
/* End PBXSourcesBuildPhase section */

/* Begin PBXVariantGroup section */
		6F418BD629BF0C00003CC281 /* LaunchScreen.storyboard */ = {
			isa = PBXVariantGroup;
			children = (
				6F418BD729BF0C00003CC281 /* Base */,
			);
			name = LaunchScreen.storyboard;
			sourceTree = "<group>";
		};
/* End PBXVariantGroup section */

/* Begin XCBuildConfiguration section */
		6F418BDA29BF0C00003CC281 /* Debug */ = {
			isa = XCBuildConfiguration;
			buildSettings = {
				ALWAYS_SEARCH_USER_PATHS = NO;
				CLANG_ANALYZER_NONNULL = YES;
				CLANG_ANALYZER_NUMBER_OBJECT_CONVERSION = YES_AGGRESSIVE;
				CLANG_CXX_LANGUAGE_STANDARD = "gnu++20";
				CLANG_ENABLE_MODULES = YES;
				CLANG_ENABLE_OBJC_ARC = YES;
				CLANG_ENABLE_OBJC_WEAK = YES;
				CLANG_WARN_BLOCK_CAPTURE_AUTORELEASING = YES;
				CLANG_WARN_BOOL_CONVERSION = YES;
				CLANG_WARN_COMMA = YES;
				CLANG_WARN_CONSTANT_CONVERSION = YES;
				CLANG_WARN_DEPRECATED_OBJC_IMPLEMENTATIONS = YES;
				CLANG_WARN_DIRECT_OBJC_ISA_USAGE = YES_ERROR;
				CLANG_WARN_DOCUMENTATION_COMMENTS = YES;
				CLANG_WARN_EMPTY_BODY = YES;
				CLANG_WARN_ENUM_CONVERSION = YES;
				CLANG_WARN_INFINITE_RECURSION = YES;
				CLANG_WARN_INT_CONVERSION = YES;
				CLANG_WARN_NON_LITERAL_NULL_CONVERSION = YES;
				CLANG_WARN_OBJC_IMPLICIT_RETAIN_SELF = YES;
				CLANG_WARN_OBJC_LITERAL_CONVERSION = YES;
				CLANG_WARN_OBJC_ROOT_CLASS = YES_ERROR;
				CLANG_WARN_QUOTED_INCLUDE_IN_FRAMEWORK_HEADER = YES;
				CLANG_WARN_RANGE_LOOP_ANALYSIS = YES;
				CLANG_WARN_STRICT_PROTOTYPES = YES;
				CLANG_WARN_SUSPICIOUS_MOVE = YES;
				CLANG_WARN_UNGUARDED_AVAILABILITY = YES_AGGRESSIVE;
				CLANG_WARN_UNREACHABLE_CODE = YES;
				CLANG_WARN__DUPLICATE_METHOD_MATCH = YES;
				COPY_PHASE_STRIP = NO;
				DEBUG_INFORMATION_FORMAT = dwarf;
				ENABLE_STRICT_OBJC_MSGSEND = YES;
				ENABLE_TESTABILITY = YES;
				GCC_C_LANGUAGE_STANDARD = gnu11;
				GCC_DYNAMIC_NO_PIC = NO;
				GCC_NO_COMMON_BLOCKS = YES;
				GCC_OPTIMIZATION_LEVEL = 0;
				GCC_PREPROCESSOR_DEFINITIONS = (
					"DEBUG=1",
					"$(inherited)",
				);
				GCC_WARN_64_TO_32_BIT_CONVERSION = YES;
				GCC_WARN_ABOUT_RETURN_TYPE = YES_ERROR;
				GCC_WARN_UNDECLARED_SELECTOR = YES;
				GCC_WARN_UNINITIALIZED_AUTOS = YES_AGGRESSIVE;
				GCC_WARN_UNUSED_FUNCTION = YES;
				GCC_WARN_UNUSED_VARIABLE = YES;
				IPHONEOS_DEPLOYMENT_TARGET = 13.0;
				MTL_ENABLE_DEBUG_INFO = INCLUDE_SOURCE;
				MTL_FAST_MATH = YES;
				ONLY_ACTIVE_ARCH = YES;
				SDKROOT = iphoneos;
				SWIFT_ACTIVE_COMPILATION_CONDITIONS = DEBUG;
				SWIFT_OPTIMIZATION_LEVEL = "-Onone";
			};
			name = Debug;
		};
		6F418BDB29BF0C00003CC281 /* Release */ = {
			isa = XCBuildConfiguration;
			buildSettings = {
				ALWAYS_SEARCH_USER_PATHS = NO;
				CLANG_ANALYZER_NONNULL = YES;
				CLANG_ANALYZER_NUMBER_OBJECT_CONVERSION = YES_AGGRESSIVE;
				CLANG_CXX_LANGUAGE_STANDARD = "gnu++20";
				CLANG_ENABLE_MODULES = YES;
				CLANG_ENABLE_OBJC_ARC = YES;
				CLANG_ENABLE_OBJC_WEAK = YES;
				CLANG_WARN_BLOCK_CAPTURE_AUTORELEASING = YES;
				CLANG_WARN_BOOL_CONVERSION = YES;
				CLANG_WARN_COMMA = YES;
				CLANG_WARN_CONSTANT_CONVERSION = YES;
				CLANG_WARN_DEPRECATED_OBJC_IMPLEMENTATIONS = YES;
				CLANG_WARN_DIRECT_OBJC_ISA_USAGE = YES_ERROR;
				CLANG_WARN_DOCUMENTATION_COMMENTS = YES;
				CLANG_WARN_EMPTY_BODY = YES;
				CLANG_WARN_ENUM_CONVERSION = YES;
				CLANG_WARN_INFINITE_RECURSION = YES;
				CLANG_WARN_INT_CONVERSION = YES;
				CLANG_WARN_NON_LITERAL_NULL_CONVERSION = YES;
				CLANG_WARN_OBJC_IMPLICIT_RETAIN_SELF = YES;
				CLANG_WARN_OBJC_LITERAL_CONVERSION = YES;
				CLANG_WARN_OBJC_ROOT_CLASS = YES_ERROR;
				CLANG_WARN_QUOTED_INCLUDE_IN_FRAMEWORK_HEADER = YES;
				CLANG_WARN_RANGE_LOOP_ANALYSIS = YES;
				CLANG_WARN_STRICT_PROTOTYPES = YES;
				CLANG_WARN_SUSPICIOUS_MOVE = YES;
				CLANG_WARN_UNGUARDED_AVAILABILITY = YES_AGGRESSIVE;
				CLANG_WARN_UNREACHABLE_CODE = YES;
				CLANG_WARN__DUPLICATE_METHOD_MATCH = YES;
				COPY_PHASE_STRIP = NO;
				DEBUG_INFORMATION_FORMAT = "dwarf-with-dsym";
				ENABLE_NS_ASSERTIONS = NO;
				ENABLE_STRICT_OBJC_MSGSEND = YES;
				GCC_C_LANGUAGE_STANDARD = gnu11;
				GCC_NO_COMMON_BLOCKS = YES;
				GCC_WARN_64_TO_32_BIT_CONVERSION = YES;
				GCC_WARN_ABOUT_RETURN_TYPE = YES_ERROR;
				GCC_WARN_UNDECLARED_SELECTOR = YES;
				GCC_WARN_UNINITIALIZED_AUTOS = YES_AGGRESSIVE;
				GCC_WARN_UNUSED_FUNCTION = YES;
				GCC_WARN_UNUSED_VARIABLE = YES;
				IPHONEOS_DEPLOYMENT_TARGET = 13.0;
				MTL_ENABLE_DEBUG_INFO = NO;
				MTL_FAST_MATH = YES;
				SDKROOT = iphoneos;
				SWIFT_COMPILATION_MODE = wholemodule;
				SWIFT_OPTIMIZATION_LEVEL = "-O";
				VALIDATE_PRODUCT = YES;
			};
			name = Release;
		};
		6F418BDD29BF0C00003CC281 /* Debug */ = {
			isa = XCBuildConfiguration;
			buildSettings = {
				ASSETCATALOG_COMPILER_APPICON_NAME = AppIcon;
				ASSETCATALOG_COMPILER_GLOBAL_ACCENT_COLOR_NAME = AccentColor;
				CODE_SIGN_STYLE = Automatic;
				CURRENT_PROJECT_VERSION = 1;
				DEVELOPMENT_TEAM = 47T38K5H5X;
				GENERATE_INFOPLIST_FILE = YES;
				INFOPLIST_FILE = SwiftPackageManagerDemo/Info.plist;
				INFOPLIST_KEY_LSApplicationCategoryType = "public.app-category.business";
				INFOPLIST_KEY_UIApplicationSupportsIndirectInputEvents = YES;
				INFOPLIST_KEY_UILaunchStoryboardName = LaunchScreen;
				INFOPLIST_KEY_UISupportedInterfaceOrientations_iPad = "UIInterfaceOrientationPortrait UIInterfaceOrientationPortraitUpsideDown UIInterfaceOrientationLandscapeLeft UIInterfaceOrientationLandscapeRight";
				INFOPLIST_KEY_UISupportedInterfaceOrientations_iPhone = "UIInterfaceOrientationPortrait UIInterfaceOrientationLandscapeLeft UIInterfaceOrientationLandscapeRight";
				IPHONEOS_DEPLOYMENT_TARGET = 13.0;
				LD_RUNPATH_SEARCH_PATHS = (
					"$(inherited)",
					"@executable_path/Frameworks",
				);
				MARKETING_VERSION = 1.0;
				PRODUCT_BUNDLE_IDENTIFIER = com.heshan.swift.SwiftPackageManagerDemo;
				PRODUCT_NAME = "$(TARGET_NAME)";
				SWIFT_EMIT_LOC_STRINGS = YES;
				SWIFT_VERSION = 5.0;
				TARGETED_DEVICE_FAMILY = "1,2";
			};
			name = Debug;
		};
		6F418BDE29BF0C00003CC281 /* Release */ = {
			isa = XCBuildConfiguration;
			buildSettings = {
				ASSETCATALOG_COMPILER_APPICON_NAME = AppIcon;
				ASSETCATALOG_COMPILER_GLOBAL_ACCENT_COLOR_NAME = AccentColor;
				CODE_SIGN_STYLE = Automatic;
				CURRENT_PROJECT_VERSION = 1;
				DEVELOPMENT_TEAM = 47T38K5H5X;
				GENERATE_INFOPLIST_FILE = YES;
				INFOPLIST_FILE = SwiftPackageManagerDemo/Info.plist;
				INFOPLIST_KEY_LSApplicationCategoryType = "public.app-category.business";
				INFOPLIST_KEY_UIApplicationSupportsIndirectInputEvents = YES;
				INFOPLIST_KEY_UILaunchStoryboardName = LaunchScreen;
				INFOPLIST_KEY_UISupportedInterfaceOrientations_iPad = "UIInterfaceOrientationPortrait UIInterfaceOrientationPortraitUpsideDown UIInterfaceOrientationLandscapeLeft UIInterfaceOrientationLandscapeRight";
				INFOPLIST_KEY_UISupportedInterfaceOrientations_iPhone = "UIInterfaceOrientationPortrait UIInterfaceOrientationLandscapeLeft UIInterfaceOrientationLandscapeRight";
				IPHONEOS_DEPLOYMENT_TARGET = 13.0;
				LD_RUNPATH_SEARCH_PATHS = (
					"$(inherited)",
					"@executable_path/Frameworks",
				);
				MARKETING_VERSION = 1.0;
				PRODUCT_BUNDLE_IDENTIFIER = com.heshan.swift.SwiftPackageManagerDemo;
				PRODUCT_NAME = "$(TARGET_NAME)";
				SWIFT_EMIT_LOC_STRINGS = YES;
				SWIFT_VERSION = 5.0;
				TARGETED_DEVICE_FAMILY = "1,2";
			};
			name = Release;
		};
/* End XCBuildConfiguration section */

/* Begin XCConfigurationList section */
		6F418BC329BF0BFF003CC281 /* Build configuration list for PBXProject "SwiftPackageManagerDemo" */ = {
			isa = XCConfigurationList;
			buildConfigurations = (
				6F418BDA29BF0C00003CC281 /* Debug */,
				6F418BDB29BF0C00003CC281 /* Release */,
			);
			defaultConfigurationIsVisible = 0;
			defaultConfigurationName = Release;
		};
		6F418BDC29BF0C00003CC281 /* Build configuration list for PBXNativeTarget "SwiftPackageManagerDemo" */ = {
			isa = XCConfigurationList;
			buildConfigurations = (
				6F418BDD29BF0C00003CC281 /* Debug */,
				6F418BDE29BF0C00003CC281 /* Release */,
			);
			defaultConfigurationIsVisible = 0;
			defaultConfigurationName = Release;
		};
/* End XCConfigurationList section */

/* Begin XCSwiftPackageProductDependency section */
		6F418BE929BF1241003CC281 /* OnBoardingKit */ = {
			isa = XCSwiftPackageProductDependency;
			productName = OnBoardingKit;
		};
/* End XCSwiftPackageProductDependency section */
	};
	rootObject = 6F418BC029BF0BFF003CC281 /* Project object */;
}
